{
    "hash": "3aacfaf5d4e920b8647fe8beceb4643f",
    "packages": [
        {
            "package": "doctrine/common",
            "version": "2.2.1"
        },
        {
            "package": "doctrine/data-fixtures",
            "version": "dev-master",
            "source-reference": "aea0b95a554188892f10d8f09ce3ae8150f28f8b"
        },
        {
            "package": "doctrine/dbal",
            "version": "2.2.1"
        },
        {
            "package": "doctrine/doctrine-bundle",
            "version": "dev-master",
            "source-reference": "90e39fb7ff5b4c13577602dab7e08c90067160b4"
        },
        {
            "package": "doctrine/doctrine-fixtures-bundle",
            "version": "dev-master",
            "source-reference": "0e4e56b1da7981bcc7729e0f301a75195d34df18"
        },
        {
            "package": "doctrine/doctrine-workflow",
            "version": "dev-master",
            "source-reference": "master"
        },
        {
            "package": "doctrine/mongodb",
            "version": "dev-master",
            "source-reference": "d7fdcff25b9534e67abbd557bf75250cbef62b31"
        },
        {
            "package": "doctrine/mongodb-odm",
            "version": "dev-master",
            "source-reference": "4720f25dd9f9b20bd9b79a2d1af5428aa54b3874"
        },
        {
            "package": "doctrine/mongodb-odm-bundle",
            "version": "dev-master",
            "source-reference": "8bd687596140b737f5df53be3ec150237103d7d9"
        },
        {
            "package": "doctrine/orm",
            "version": "2.2.0"
        },
        {
            "package": "friendsofsymfony/user-bundle",
            "version": "1.1.0"
        },
        {
            "package": "imagine/Imagine",
            "version": "dev-master",
            "source-reference": "v0.2.8"
        },
        {
            "package": "jms/aop-bundle",
            "version": "1.0.0"
        },
        {
            "package": "jms/cg",
            "version": "1.0.0"
        },
        {
            "package": "jms/metadata",
            "version": "1.1.1"
        },
        {
            "package": "jms/security-extra-bundle",
            "version": "dev-master",
            "source-reference": "5ce520127ba43d90563775a7935d4980ac227853"
        },
        {
            "package": "jms/serializer-bundle",
            "version": "dev-master",
            "source-reference": "27fbaafc4dcfa7dae2160b4efde5f8543e2bc3f4"
        },
        {
            "package": "knplabs/knp-menu",
            "version": "dev-master",
            "source-reference": "f818c58d89885c5eb1e305f5b7360588fd49fbab"
        },
        {
            "package": "knplabs/knp-menu-bundle",
            "version": "dev-master",
            "source-reference": "462b7b40e5c17813a6d14929d7bca7d0511c7736"
        },
        {
            "package": "kriswallsmith/assetic",
            "version": "dev-master",
            "source-reference": "2634d29cc193981761e3daf28e1afc6358bb43b1"
        },
        {
            "package": "monolog/monolog",
            "version": "1.0.2"
        },
        {
            "package": "mopa/bootstrap-bundle",
            "version": "dev-master",
            "source-reference": "a2ce2c12a02c9e9df10ddda506fca601ec058187"
        },
        {
            "package": "sensio/distribution-bundle",
            "version": "dev-master",
            "source-reference": "12882a093af81f89ac13078904e81c308784e883"
        },
        {
            "package": "sensio/framework-extra-bundle",
            "version": "dev-master",
            "source-reference": "d371c21a464b9f1ac6bfebf643e14a4d88acd2d8"
        },
        {
            "package": "sensio/generator-bundle",
            "version": "dev-master",
            "source-reference": "43c5c95e42e451ac7250d6a863f0540c7f266e1d"
        },
        {
            "package": "sonata-project/block-bundle",
            "version": "dev-master",
            "source-reference": "ff34c3fe75bcedc739f3d4f8ad7f0a3b840b75e4"
        },
        {
            "package": "sonata-project/cache-bundle",
            "version": "dev-master",
            "source-reference": "f82a6d42052b226b09e16a0b7d519ee8906c6cdc"
        },
        {
            "package": "sonata-project/exporter",
            "version": "dev-master",
            "source-reference": "95f3d6f187ded8e4614f0c3e7e871b79a124b536"
        },
        {
            "package": "sonata-project/intl-bundle",
            "version": "dev-master",
            "source-reference": "652afb136db334f9e275fbbe45b00dd055607a73"
        },
        {
            "package": "sonata-project/jquery-bundle",
            "version": "dev-master",
            "source-reference": "01ffb8d1a7a4bb3971aed003e4f1ef050a0701aa"
        },
        {
            "package": "sonata/admin-bundle",
            "version": "dev-master",
            "source-reference": "8341cc21de1098591bec3b08f0541a313e401218"
        },
        {
            "package": "sonata/doctrine-mongodb-admin-bundle",
            "version": "dev-master",
            "source-reference": "a3873b35847cbe5a5598da4120f766fdeb9878f5"
        },
        {
            "package": "swiftmailer/swiftmailer",
            "version": "4.1.5"
        },
        {
            "package": "symfony/assetic-bundle",
            "version": "dev-master",
            "source-reference": "b9cff021abc3d9433a892fa9908d9856393c0d09"
        },
        {
            "package": "symfony/mongodb-odm-bundle",
            "version": "v2.0.1"
        },
        {
            "package": "symfony/monolog-bundle",
            "version": "dev-master",
            "source-reference": "289442e385e7c0fe4aa2e8884d11e774a8f9ad99"
        },
        {
            "package": "symfony/swiftmailer-bridge",
            "version": "dev-master",
            "source-reference": "23b8d5c049bb3dfb67ec04bbea09464da27c4ec7"
        },
        {
            "package": "symfony/swiftmailer-bundle",
            "version": "dev-master",
            "source-reference": "75f8f95c201922a966274547131b33291d15d51b"
        },
        {
            "package": "symfony/symfony",
            "version": "dev-master",
            "source-reference": "632077aa819d0321e74a2f1b9d388af88bdcac0d",
            "alias": "2.1.9999999.9999999-dev"
        },
        {
            "package": "twig/extensions",
            "version": "dev-master",
            "source-reference": "1dfff8e793f50f651c4f74f796c2c68a4aee3147"
        },
        {
            "package": "twig/twig",
            "version": "1.6.1"
        },
        {
            "package": "twitter/bootstrap",
            "version": "dev-master",
            "source-reference": "master"
        },
        {
            "package": "vespolina/cart-bundle",
            "version": "dev-master",
            "source-reference": "acc41f53d77efaa344c44bb64e6a6a8b6d96a3ca"
        },
        {
            "package": "vespolina/checkout-bundle",
            "version": "dev-master",
            "source-reference": "cc6854261db1c5224979f37b192e0abd6d80813a"
        },
        {
            "package": "vespolina/customer-bundle",
            "version": "dev-master",
            "source-reference": "410532f2d960f7797d63c973cc8166b4bbc9085c"
        },
        {
            "package": "vespolina/ecommerce-flows-bundle",
            "version": "dev-master",
            "source-reference": "7b4fc8b128dd821efef7df2a4565ed83286dad73"
        },
        {
            "package": "vespolina/fulfillment-bundle",
            "version": "dev-master",
            "source-reference": "00d2b64f75a97e39e01695656a7aadcb712c8af9"
        },
        {
            "package": "vespolina/inventory-bundle",
            "version": "dev-master",
            "source-reference": "f256dd85226eda6ebadfdd841ab36e3dadb5519c"
        },
        {
            "package": "vespolina/merchandise-bundle",
            "version": "dev-master",
            "source-reference": "c57fd12338ace82c4b6cf2bc8607d72410a11d3e"
        },
        {
            "package": "vespolina/monetary-bundle",
            "version": "dev-master",
            "source-reference": "45ddb97d73496ded824b5e45a3cc952bf9ec10e3"
        },
        {
            "package": "vespolina/order-bundle",
            "version": "dev-master",
            "source-reference": "6be2e7f0f61aa28ee04594d743ffacc7212d337f"
        },
        {
            "package": "vespolina/pricing-bundle",
            "version": "dev-master",
            "source-reference": "d77462ef6b42eeb1c7619007254bd03dc771b627"
        },
        {
            "package": "vespolina/product-bundle",
            "version": "dev-master",
            "source-reference": "8f4825699b084102c6c9e7daf8f6b1987df8bbef"
        },
        {
            "package": "vespolina/product-downloadable-bundle",
            "version": "dev-master",
            "source-reference": "a9b3a6a0e36cf58e01d225cadb30eca3fb2b5e75"
        },
        {
            "package": "vespolina/product-subscription-bundle",
            "version": "dev-master",
            "source-reference": "fa864b0cd558f2692a2f5264c8d8836c72321f94"
        },
        {
            "package": "vespolina/store-bundle",
            "version": "dev-master",
            "source-reference": "cd8b074b53550fcb60f3da003e54e2ea6359c180"
        },
        {
            "package": "vespolina/taxation-bundle",
            "version": "dev-master",
            "source-reference": "d42d278fff439f67e6a1d5ae8ee781f3bec001ef"
        },
        {
            "package": "vespolina/taxonomy-bundle",
            "version": "dev-master",
            "source-reference": "070bdc98f5c7bb4deb5a629e96aca533dbab5778"
        },
        {
            "package": "vespolina/vespolina-sandbox-composer",
            "version": "dev-master",
            "source-reference": "4be81b0a7b1c2f85d4d425f520967b5007769207"
        },
        {
            "package": "vespolina/workflow-bundle",
            "version": "dev-master",
            "source-reference": "65392a84fae2c987b7e51ad5f7c259f9126fa2cc"
        }
    ],
    "aliases": []
}
